{
  "nodes": {
    "mnw": {
      "locked": {
        "lastModified": 1771285028,
        "narHash": "sha256-mR8GDvGPu1QcI5Ft5lV2CIIh5Og7zRylts+XY3fa/K4=",
        "owner": "gerg-l",
        "repo": "mnw",
        "rev": "6bd6ab9968c2432c78db4a91c9b1e84dd84fe6b3",
        "type": "github"
      },
      "original": {
        "owner": "gerg-l",
        "repo": "mnw",
        "type": "github"
      }
    },
    "nixpkgs": {
      "locked": {
        "lastModified": 1772542754,
        "narHash": "sha256-jx4kZFawgvwWOWmWLc9Jsn0kHNkG+0ESflhb1p8ajb0=",
        "rev": "8c809a146a140c5c8806f13399592dbcb1bb5dc4",
        "type": "tarball",
        "url": "https://releases.nixos.org/nixos/unstable/nixos-26.05pre957538.8c809a146a14/nixexprs.tar.xz"
      },
      "original": {
        "type": "tarball",
        "url": "https://channels.nixos.org/nixos-unstable/nixexprs.tar.xz"
      }
    },
    "root": {
      "inputs": {
        "mnw": "mnw",
        "nixpkgs": "nixpkgs"
      }
    }
  },
  "root": "root",
  "version": 7
}
